# This file is autogenerated, do not edit; changes may be undone by the next 'dep ensure'.


[[projects]]
  branch = "master"
  digest = "1:2ea8805b19861c4b0e3bd02e8d5f18e3178ed0e21b6904b3df6e26f986c6bf39"
  name = "github.com/bitmark-inc/bitmark-sdk-go"
  packages = ["."]
  pruneopts = "UT"
  revision = "45498fbf631b05813ea3bc1466f9392e2e66f36d"

[[projects]]
  branch = "master"
  digest = "1:01c267930c063d047b1044d6b2bff0ad967faf37ba639a3eec16a013a16d5f3d"
  name = "github.com/hashicorp/hcl"
  packages = [
    ".",
    "hcl/ast",
    "hcl/parser",
    "hcl/scanner",
    "hcl/strconv",
    "hcl/token",
    "json/parser",
    "json/scanner",
    "json/token",
  ]
  pruneopts = "UT"
  revision = "65a6292f0157eff210d03ed1bf6c59b190b8b906"

[[projects]]
  branch = "master"
  digest = "1:7fa20d941bd8ccbe7e78fe230de07efe51f5f8bc9486d3bcc318d0190261946b"
  name = "golang.org/x/crypto"
  packages = [
    "chacha20poly1305",
    "curve25519",
    "ed25519",
    "ed25519/internal/edwards25519",
    "internal/chacha20",
    "internal/subtle",
    "nacl/box",
    "nacl/secretbox",
    "poly1305",
    "salsa20/salsa",
    "sha3",
  ]
  pruneopts = "UT"
  revision = "b7391e95e576cacdcdd422573063bc057239113d"

[[projects]]
  branch = "master"
  digest = "1:d3229d0c4f5a29399fe3d39cd64de216af15f8bce9a00932c0a7a5ddaa6418f7"
  name = "golang.org/x/sys"
  packages = [
    "cpu",
    "unix",
  ]
  pruneopts = "UT"
  revision = "6c81ef8f67ca3f42fc9cd71dfbd5f35b0c4b5771"

[[projects]]
  digest = "1:cc9f0c72e45707522afc156b3d715443e2021acedff165a4803f72a0d2ed170f"
  name = "gopkg.in/matryer/try.v1"
  packages = ["."]
  pruneopts = "UT"
  revision = "312d2599e12e89ca89b52a09597394f449235d80"
  version = "v1"

[[projects]]
  digest = "1:b24d38b282bacf9791408a080f606370efa3d364e4b5fd9ba0f7b87786d3b679"
  name = "gopkg.in/urfave/cli.v1"
  packages = ["."]
  pruneopts = "UT"
  revision = "cfb38830724cc34fedffe9a2a29fb54fa9169cd1"
  version = "v1.20.0"

[solve-meta]
  analyzer-name = "dep"
  analyzer-version = 1
  input-imports = [
    "github.com/bitmark-inc/bitmark-sdk-go",
    "github.com/hashicorp/hcl",
    "gopkg.in/matryer/try.v1",
    "gopkg.in/urfave/cli.v1",
  ]
  solver-name = "gps-cdcl"
  solver-version = 1
